
Microsoft Visual Studio Solution File, Format Version 12.00
# Visual Studio 15
VisualStudioVersion = 15.0.27004.2006
MinimumVisualStudioVersion = 10.0.40219.1
Project("{FAE04EC0-301F-11D3-BF4B-00C04F79EFBC}") = "MovieCatalog", "MovieCatalog\MovieCatalog.csproj", "{93C27B87-4BA2-450A-BC36-F2F778CBAFB6}"
EndProject
Project("{FAE04EC0-301F-11D3-BF4B-00C04F79EFBC}") = "Practice", "Practice\Practice.csproj", "{793CF26B-B81B-4D1D-B5EF-DE2B24F48E2E}"
EndProject
Global
	GlobalSection(SolutionConfigurationPlatforms) = preSolution
		Debug|Any CPU = Debug|Any CPU
		Release|Any CPU = Release|Any CPU
	EndGlobalSection
	GlobalSection(ProjectConfigurationPlatforms) = postSolution
		{93C27B87-4BA2-450A-BC36-F2F778CBAFB6}.Debug|Any CPU.ActiveCfg = Debug|Any CPU
		{93C27B87-4BA2-450A-BC36-F2F778CBAFB6}.Debug|Any CPU.Build.0 = Debug|Any CPU
		{93C27B87-4BA2-450A-BC36-F2F778CBAFB6}.Release|Any CPU.ActiveCfg = Release|Any CPU
		{93C27B87-4BA2-450A-BC36-F2F778CBAFB6}.Release|Any CPU.Build.0 = Release|Any CPU
		{793CF26B-B81B-4D1D-B5EF-DE2B24F48E2E}.Debug|Any CPU.ActiveCfg = Debug|Any CPU
		{793CF26B-B81B-4D1D-B5EF-DE2B24F48E2E}.Debug|Any CPU.Build.0 = Debug|Any CPU
		{793CF26B-B81B-4D1D-B5EF-DE2B24F48E2E}.Release|Any CPU.ActiveCfg = Release|Any CPU
		{793CF26B-B81B-4D1D-B5EF-DE2B24F48E2E}.Release|Any CPU.Build.0 = Release|Any CPU
	EndGlobalSection
	GlobalSection(SolutionProperties) = preSolution
		HideSolutionNode = FALSE
	EndGlobalSection
	GlobalSection(ExtensibilityGlobals) = postSolution
		SolutionGuid = {C80FBE8B-3797-4A39-B0D4-4B010C821B94}
	EndGlobalSection
EndGlobal
